
Microsoft Visual Studio Solution File, Format Version 12.00
# Visual Studio 15
VisualStudioVersion = 15.0.26124.0
MinimumVisualStudioVersion = 15.0.26124.0
Project("{2150E333-8FDC-42A3-9474-1A3956D46DE8}") = "src", "src", "{FEED035D-890B-4A6C-8418-822766086DDF}"
EndProject
Project("{FAE04EC0-301F-11D3-BF4B-00C04F79EFBC}") = "dotnet-wad-to-csv", "src\dotnet-wad-to-csv\dotnet-wad-to-csv.csproj", "{5F2DBADB-1A7D-43A7-88F2-698D96748A79}"
EndProject
Project("{2150E333-8FDC-42A3-9474-1A3956D46DE8}") = "tests", "tests", "{99CDCAF2-373F-4334-8CE6-05B1566BEF97}"
EndProject
Project("{FAE04EC0-301F-11D3-BF4B-00C04F79EFBC}") = "dotnet-wad-to-csv-tests", "tests\dotnet-wad-to-csv-tests\dotnet-wad-to-csv-tests.csproj", "{3C3806FE-50DC-472E-931F-ABFED71B8DD9}"
EndProject
Global
	GlobalSection(SolutionConfigurationPlatforms) = preSolution
		Debug|Any CPU = Debug|Any CPU
		Debug|x64 = Debug|x64
		Debug|x86 = Debug|x86
		Release|Any CPU = Release|Any CPU
		Release|x64 = Release|x64
		Release|x86 = Release|x86
	EndGlobalSection
	GlobalSection(SolutionProperties) = preSolution
		HideSolutionNode = FALSE
	EndGlobalSection
	GlobalSection(ProjectConfigurationPlatforms) = postSolution
		{5F2DBADB-1A7D-43A7-88F2-698D96748A79}.Debug|Any CPU.ActiveCfg = Debug|Any CPU
		{5F2DBADB-1A7D-43A7-88F2-698D96748A79}.Debug|Any CPU.Build.0 = Debug|Any CPU
		{5F2DBADB-1A7D-43A7-88F2-698D96748A79}.Debug|x64.ActiveCfg = Debug|Any CPU
		{5F2DBADB-1A7D-43A7-88F2-698D96748A79}.Debug|x64.Build.0 = Debug|Any CPU
		{5F2DBADB-1A7D-43A7-88F2-698D96748A79}.Debug|x86.ActiveCfg = Debug|Any CPU
		{5F2DBADB-1A7D-43A7-88F2-698D96748A79}.Debug|x86.Build.0 = Debug|Any CPU
		{5F2DBADB-1A7D-43A7-88F2-698D96748A79}.Release|Any CPU.ActiveCfg = Release|Any CPU
		{5F2DBADB-1A7D-43A7-88F2-698D96748A79}.Release|Any CPU.Build.0 = Release|Any CPU
		{5F2DBADB-1A7D-43A7-88F2-698D96748A79}.Release|x64.ActiveCfg = Release|Any CPU
		{5F2DBADB-1A7D-43A7-88F2-698D96748A79}.Release|x64.Build.0 = Release|Any CPU
		{5F2DBADB-1A7D-43A7-88F2-698D96748A79}.Release|x86.ActiveCfg = Release|Any CPU
		{5F2DBADB-1A7D-43A7-88F2-698D96748A79}.Release|x86.Build.0 = Release|Any CPU
		{3C3806FE-50DC-472E-931F-ABFED71B8DD9}.Debug|Any CPU.ActiveCfg = Debug|Any CPU
		{3C3806FE-50DC-472E-931F-ABFED71B8DD9}.Debug|Any CPU.Build.0 = Debug|Any CPU
		{3C3806FE-50DC-472E-931F-ABFED71B8DD9}.Debug|x64.ActiveCfg = Debug|Any CPU
		{3C3806FE-50DC-472E-931F-ABFED71B8DD9}.Debug|x64.Build.0 = Debug|Any CPU
		{3C3806FE-50DC-472E-931F-ABFED71B8DD9}.Debug|x86.ActiveCfg = Debug|Any CPU
		{3C3806FE-50DC-472E-931F-ABFED71B8DD9}.Debug|x86.Build.0 = Debug|Any CPU
		{3C3806FE-50DC-472E-931F-ABFED71B8DD9}.Release|Any CPU.ActiveCfg = Release|Any CPU
		{3C3806FE-50DC-472E-931F-ABFED71B8DD9}.Release|Any CPU.Build.0 = Release|Any CPU
		{3C3806FE-50DC-472E-931F-ABFED71B8DD9}.Release|x64.ActiveCfg = Release|Any CPU
		{3C3806FE-50DC-472E-931F-ABFED71B8DD9}.Release|x64.Build.0 = Release|Any CPU
		{3C3806FE-50DC-472E-931F-ABFED71B8DD9}.Release|x86.ActiveCfg = Release|Any CPU
		{3C3806FE-50DC-472E-931F-ABFED71B8DD9}.Release|x86.Build.0 = Release|Any CPU
	EndGlobalSection
	GlobalSection(NestedProjects) = preSolution
		{5F2DBADB-1A7D-43A7-88F2-698D96748A79} = {FEED035D-890B-4A6C-8418-822766086DDF}
		{3C3806FE-50DC-472E-931F-ABFED71B8DD9} = {99CDCAF2-373F-4334-8CE6-05B1566BEF97}
	EndGlobalSection
EndGlobal
